
Microsoft Visual Studio Solution File, Format Version 12.00
# Visual Studio Version 17
VisualStudioVersion = 17.9.34622.214
MinimumVisualStudioVersion = 10.0.40219.1
Project("{FAE04EC0-301F-11D3-BF4B-00C04F79EFBC}") = "File Relocation", "File Relocation\File Relocation.csproj", "{36937C90-B4F5-4E7E-8450-1869BCB6701B}"
EndProject
Global
	GlobalSection(SolutionConfigurationPlatforms) = preSolution
		Debug|Any CPU = Debug|Any CPU
		Release|Any CPU = Release|Any CPU
	EndGlobalSection
	GlobalSection(ProjectConfigurationPlatforms) = postSolution
		{36937C90-B4F5-4E7E-8450-1869BCB6701B}.Debug|Any CPU.ActiveCfg = Debug|Any CPU
		{36937C90-B4F5-4E7E-8450-1869BCB6701B}.Debug|Any CPU.Build.0 = Debug|Any CPU
		{36937C90-B4F5-4E7E-8450-1869BCB6701B}.Release|Any CPU.ActiveCfg = Release|Any CPU
		{36937C90-B4F5-4E7E-8450-1869BCB6701B}.Release|Any CPU.Build.0 = Release|Any CPU
	EndGlobalSection
	GlobalSection(SolutionProperties) = preSolution
		HideSolutionNode = FALSE
	EndGlobalSection
	GlobalSection(ExtensibilityGlobals) = postSolution
		SolutionGuid = {7CB04294-5973-4E7C-9C97-15D9E9D44C14}
	EndGlobalSection
EndGlobal
